
Microsoft Visual Studio Solution File, Format Version 12.00
# Visual Studio Version 17
VisualStudioVersion = 17.9.34728.123
MinimumVisualStudioVersion = 10.0.40219.1
Project("{FAE04EC0-301F-11D3-BF4B-00C04F79EFBC}") = "PAWProject", "PAWProject.csproj", "{4323BA8C-4AE8-4CB6-99DE-62A23606BB34}"
EndProject
Global
	GlobalSection(SolutionConfigurationPlatforms) = preSolution
		Debug|Any CPU = Debug|Any CPU
		Release|Any CPU = Release|Any CPU
	EndGlobalSection
	GlobalSection(ProjectConfigurationPlatforms) = postSolution
		{4323BA8C-4AE8-4CB6-99DE-62A23606BB34}.Debug|Any CPU.ActiveCfg = Debug|Any CPU
		{4323BA8C-4AE8-4CB6-99DE-62A23606BB34}.Debug|Any CPU.Build.0 = Debug|Any CPU
		{4323BA8C-4AE8-4CB6-99DE-62A23606BB34}.Release|Any CPU.ActiveCfg = Release|Any CPU
		{4323BA8C-4AE8-4CB6-99DE-62A23606BB34}.Release|Any CPU.Build.0 = Release|Any CPU
	EndGlobalSection
	GlobalSection(SolutionProperties) = preSolution
		HideSolutionNode = FALSE
	EndGlobalSection
	GlobalSection(ExtensibilityGlobals) = postSolution
		SolutionGuid = {1E066CE5-EFCF-41DC-95AE-E3CB0A96F16C}
	EndGlobalSection
EndGlobal
